
Microsoft Visual Studio Solution File, Format Version 12.00
# Visual Studio 14
VisualStudioVersion = 14.0.24720.0
MinimumVisualStudioVersion = 10.0.40219.1
Project("{FAE04EC0-301F-11D3-BF4B-00C04F79EFBC}") = "Savannah", "Savannah\Savannah.csproj", "{6C81264A-6C9D-4F1D-A0A5-4810D513C8D1}"
EndProject
Project("{FAE04EC0-301F-11D3-BF4B-00C04F79EFBC}") = "Test.Savannah", "Test.Savannah\Test.Savannah.csproj", "{4A76FBC5-0227-477B-9728-35C2FEBB2B25}"
EndProject
Global
	GlobalSection(SolutionConfigurationPlatforms) = preSolution
		Debug|Any CPU = Debug|Any CPU
		Release|Any CPU = Release|Any CPU
	EndGlobalSection
	GlobalSection(ProjectConfigurationPlatforms) = postSolution
		{6C81264A-6C9D-4F1D-A0A5-4810D513C8D1}.Debug|Any CPU.ActiveCfg = Debug|Any CPU
		{6C81264A-6C9D-4F1D-A0A5-4810D513C8D1}.Debug|Any CPU.Build.0 = Debug|Any CPU
		{6C81264A-6C9D-4F1D-A0A5-4810D513C8D1}.Release|Any CPU.ActiveCfg = Release|Any CPU
		{6C81264A-6C9D-4F1D-A0A5-4810D513C8D1}.Release|Any CPU.Build.0 = Release|Any CPU
		{4A76FBC5-0227-477B-9728-35C2FEBB2B25}.Debug|Any CPU.ActiveCfg = Debug|Any CPU
		{4A76FBC5-0227-477B-9728-35C2FEBB2B25}.Debug|Any CPU.Build.0 = Debug|Any CPU
		{4A76FBC5-0227-477B-9728-35C2FEBB2B25}.Release|Any CPU.ActiveCfg = Release|Any CPU
		{4A76FBC5-0227-477B-9728-35C2FEBB2B25}.Release|Any CPU.Build.0 = Release|Any CPU
	EndGlobalSection
	GlobalSection(SolutionProperties) = preSolution
		HideSolutionNode = FALSE
	EndGlobalSection
EndGlobal
